
Microsoft Visual Studio Solution File, Format Version 12.00
# Visual Studio Version 16
VisualStudioVersion = 16.0.29911.84
MinimumVisualStudioVersion = 10.0.40219.1
Project("{FAE04EC0-301F-11D3-BF4B-00C04F79EFBC}") = "ArtigoHostedService.API", "ArtigoHostedService.API\ArtigoHostedService.API.csproj", "{2E173ED0-5625-4E3B-9682-D8FD43F22A37}"
EndProject
Global
	GlobalSection(SolutionConfigurationPlatforms) = preSolution
		Debug|Any CPU = Debug|Any CPU
		Release|Any CPU = Release|Any CPU
	EndGlobalSection
	GlobalSection(ProjectConfigurationPlatforms) = postSolution
		{2E173ED0-5625-4E3B-9682-D8FD43F22A37}.Debug|Any CPU.ActiveCfg = Debug|Any CPU
		{2E173ED0-5625-4E3B-9682-D8FD43F22A37}.Debug|Any CPU.Build.0 = Debug|Any CPU
		{2E173ED0-5625-4E3B-9682-D8FD43F22A37}.Release|Any CPU.ActiveCfg = Release|Any CPU
		{2E173ED0-5625-4E3B-9682-D8FD43F22A37}.Release|Any CPU.Build.0 = Release|Any CPU
	EndGlobalSection
	GlobalSection(SolutionProperties) = preSolution
		HideSolutionNode = FALSE
	EndGlobalSection
	GlobalSection(ExtensibilityGlobals) = postSolution
		SolutionGuid = {05F325A4-A961-4DBF-95F0-62AB8B16FB24}
	EndGlobalSection
EndGlobal
